
Microsoft Visual Studio Solution File, Format Version 12.00
# Visual Studio Version 17
VisualStudioVersion = 17.11.35208.52
MinimumVisualStudioVersion = 10.0.40219.1
Project("{2150E333-8FDC-42A3-9474-1A3956D46DE8}") = "src", "src", "{34CF66DE-D0F0-455B-A33F-BF76B539827A}"
EndProject
Project("{2150E333-8FDC-42A3-9474-1A3956D46DE8}") = "ApiGateways", "ApiGateways", "{B4636F84-DB35-4DEF-9AD5-509EDDED3EBD}"
EndProject
Project("{2150E333-8FDC-42A3-9474-1A3956D46DE8}") = "EventBus", "EventBus", "{FE28D7BC-0446-4B13-B8AF-2C06C4872AB8}"
EndProject
Project("{2150E333-8FDC-42A3-9474-1A3956D46DE8}") = "Services", "Services", "{72901AA3-C197-48F2-8E29-3E948D8C0491}"
EndProject
Project("{9A19103F-16F7-4668-BE54-9A1E7A4F7556}") = "TradeCore.ApiGateway", "src\ApiGateways\TradeCore.ApiGateway\TradeCore.ApiGateway.csproj", "{6FDB172B-0CE6-4DC1-AEBE-46B0F86EE385}"
EndProject
Project("{9A19103F-16F7-4668-BE54-9A1E7A4F7556}") = "TradeCore.EventBus.Base", "src\EventBus\TradeCore.EventBus.Base\TradeCore.EventBus.Base.csproj", "{8DDBCE17-B439-4B50-9FC7-C9A45580660B}"
EndProject
Project("{9A19103F-16F7-4668-BE54-9A1E7A4F7556}") = "TradeCore.EventBus.Factory", "src\EventBus\TradeCore.EventBus.Factory\TradeCore.EventBus.Factory.csproj", "{1E359125-0236-4EF5-90FA-13985EE4A573}"
EndProject
Project("{9A19103F-16F7-4668-BE54-9A1E7A4F7556}") = "TradeCore.EventBus.RabbitMQ", "src\EventBus\TradeCore.EventBus.RabbitMQ\TradeCore.EventBus.RabbitMQ.csproj", "{D9CF3194-9329-4608-885C-BD27BECD05B2}"
EndProject
Project("{2150E333-8FDC-42A3-9474-1A3956D46DE8}") = "AuthService", "AuthService", "{02D3B38D-A4D2-4A4F-8981-F434BE5D3EDE}"
EndProject
Project("{2150E333-8FDC-42A3-9474-1A3956D46DE8}") = "OrderService", "OrderService", "{05060045-26B3-463C-94E7-069291A21429}"
EndProject
Project("{2150E333-8FDC-42A3-9474-1A3956D46DE8}") = "NotificationService", "NotificationService", "{730EC767-228D-47BD-A046-EFDDDB0B05A5}"
EndProject
Project("{9A19103F-16F7-4668-BE54-9A1E7A4F7556}") = "TradeCore.AuthService", "src\Services\AuthService\TradeCore.AuthService\TradeCore.AuthService.csproj", "{F7C668C3-06FE-46D2-B099-042A70E0262E}"
EndProject
Project("{9A19103F-16F7-4668-BE54-9A1E7A4F7556}") = "TradeCore.NotificationService", "src\Services\NotificationService\TradeCore.NotificationService\TradeCore.NotificationService.csproj", "{29357482-8C41-48C8-BF8D-F49A90AA76FA}"
EndProject
Project("{9A19103F-16F7-4668-BE54-9A1E7A4F7556}") = "TradeCore.OrderService", "src\Services\OrderService\TradeCore.OrderService\TradeCore.OrderService.csproj", "{D69BA5A3-C9BF-4FAB-A105-78DBAB87015C}"
EndProject
Global
	GlobalSection(SolutionConfigurationPlatforms) = preSolution
		Debug|Any CPU = Debug|Any CPU
		Release|Any CPU = Release|Any CPU
	EndGlobalSection
	GlobalSection(ProjectConfigurationPlatforms) = postSolution
		{6FDB172B-0CE6-4DC1-AEBE-46B0F86EE385}.Debug|Any CPU.ActiveCfg = Debug|Any CPU
		{6FDB172B-0CE6-4DC1-AEBE-46B0F86EE385}.Debug|Any CPU.Build.0 = Debug|Any CPU
		{6FDB172B-0CE6-4DC1-AEBE-46B0F86EE385}.Release|Any CPU.ActiveCfg = Release|Any CPU
		{6FDB172B-0CE6-4DC1-AEBE-46B0F86EE385}.Release|Any CPU.Build.0 = Release|Any CPU
		{8DDBCE17-B439-4B50-9FC7-C9A45580660B}.Debug|Any CPU.ActiveCfg = Debug|Any CPU
		{8DDBCE17-B439-4B50-9FC7-C9A45580660B}.Debug|Any CPU.Build.0 = Debug|Any CPU
		{8DDBCE17-B439-4B50-9FC7-C9A45580660B}.Release|Any CPU.ActiveCfg = Release|Any CPU
		{8DDBCE17-B439-4B50-9FC7-C9A45580660B}.Release|Any CPU.Build.0 = Release|Any CPU
		{1E359125-0236-4EF5-90FA-13985EE4A573}.Debug|Any CPU.ActiveCfg = Debug|Any CPU
		{1E359125-0236-4EF5-90FA-13985EE4A573}.Debug|Any CPU.Build.0 = Debug|Any CPU
		{1E359125-0236-4EF5-90FA-13985EE4A573}.Release|Any CPU.ActiveCfg = Release|Any CPU
		{1E359125-0236-4EF5-90FA-13985EE4A573}.Release|Any CPU.Build.0 = Release|Any CPU
		{D9CF3194-9329-4608-885C-BD27BECD05B2}.Debug|Any CPU.ActiveCfg = Debug|Any CPU
		{D9CF3194-9329-4608-885C-BD27BECD05B2}.Debug|Any CPU.Build.0 = Debug|Any CPU
		{D9CF3194-9329-4608-885C-BD27BECD05B2}.Release|Any CPU.ActiveCfg = Release|Any CPU
		{D9CF3194-9329-4608-885C-BD27BECD05B2}.Release|Any CPU.Build.0 = Release|Any CPU
		{F7C668C3-06FE-46D2-B099-042A70E0262E}.Debug|Any CPU.ActiveCfg = Debug|Any CPU
		{F7C668C3-06FE-46D2-B099-042A70E0262E}.Debug|Any CPU.Build.0 = Debug|Any CPU
		{F7C668C3-06FE-46D2-B099-042A70E0262E}.Release|Any CPU.ActiveCfg = Release|Any CPU
		{F7C668C3-06FE-46D2-B099-042A70E0262E}.Release|Any CPU.Build.0 = Release|Any CPU
		{29357482-8C41-48C8-BF8D-F49A90AA76FA}.Debug|Any CPU.ActiveCfg = Debug|Any CPU
		{29357482-8C41-48C8-BF8D-F49A90AA76FA}.Debug|Any CPU.Build.0 = Debug|Any CPU
		{29357482-8C41-48C8-BF8D-F49A90AA76FA}.Release|Any CPU.ActiveCfg = Release|Any CPU
		{29357482-8C41-48C8-BF8D-F49A90AA76FA}.Release|Any CPU.Build.0 = Release|Any CPU
		{D69BA5A3-C9BF-4FAB-A105-78DBAB87015C}.Debug|Any CPU.ActiveCfg = Debug|Any CPU
		{D69BA5A3-C9BF-4FAB-A105-78DBAB87015C}.Debug|Any CPU.Build.0 = Debug|Any CPU
		{D69BA5A3-C9BF-4FAB-A105-78DBAB87015C}.Release|Any CPU.ActiveCfg = Release|Any CPU
		{D69BA5A3-C9BF-4FAB-A105-78DBAB87015C}.Release|Any CPU.Build.0 = Release|Any CPU
	EndGlobalSection
	GlobalSection(SolutionProperties) = preSolution
		HideSolutionNode = FALSE
	EndGlobalSection
	GlobalSection(NestedProjects) = preSolution
		{B4636F84-DB35-4DEF-9AD5-509EDDED3EBD} = {34CF66DE-D0F0-455B-A33F-BF76B539827A}
		{FE28D7BC-0446-4B13-B8AF-2C06C4872AB8} = {34CF66DE-D0F0-455B-A33F-BF76B539827A}
		{72901AA3-C197-48F2-8E29-3E948D8C0491} = {34CF66DE-D0F0-455B-A33F-BF76B539827A}
		{6FDB172B-0CE6-4DC1-AEBE-46B0F86EE385} = {B4636F84-DB35-4DEF-9AD5-509EDDED3EBD}
		{8DDBCE17-B439-4B50-9FC7-C9A45580660B} = {FE28D7BC-0446-4B13-B8AF-2C06C4872AB8}
		{1E359125-0236-4EF5-90FA-13985EE4A573} = {FE28D7BC-0446-4B13-B8AF-2C06C4872AB8}
		{D9CF3194-9329-4608-885C-BD27BECD05B2} = {FE28D7BC-0446-4B13-B8AF-2C06C4872AB8}
		{02D3B38D-A4D2-4A4F-8981-F434BE5D3EDE} = {72901AA3-C197-48F2-8E29-3E948D8C0491}
		{05060045-26B3-463C-94E7-069291A21429} = {72901AA3-C197-48F2-8E29-3E948D8C0491}
		{730EC767-228D-47BD-A046-EFDDDB0B05A5} = {72901AA3-C197-48F2-8E29-3E948D8C0491}
		{F7C668C3-06FE-46D2-B099-042A70E0262E} = {02D3B38D-A4D2-4A4F-8981-F434BE5D3EDE}
		{29357482-8C41-48C8-BF8D-F49A90AA76FA} = {730EC767-228D-47BD-A046-EFDDDB0B05A5}
		{D69BA5A3-C9BF-4FAB-A105-78DBAB87015C} = {05060045-26B3-463C-94E7-069291A21429}
	EndGlobalSection
	GlobalSection(ExtensibilityGlobals) = postSolution
		SolutionGuid = {523B0303-497B-4DED-B07A-424AA409FD69}
	EndGlobalSection
EndGlobal
